
Microsoft Visual Studio Solution File, Format Version 12.00
# Visual Studio 15
VisualStudioVersion = 15.0.28010.2026
MinimumVisualStudioVersion = 10.0.40219.1
Project("{FAE04EC0-301F-11D3-BF4B-00C04F79EFBC}") = "NeatObjectComparer", "src\NeatObjectComparer\NeatObjectComparer.csproj", "{A13DC0C5-A414-45DD-B5E5-C0B515A63B40}"
EndProject
Project("{FAE04EC0-301F-11D3-BF4B-00C04F79EFBC}") = "NeatObjectComparer.Tests", "src\NeatObjectComparer.Tests\NeatObjectComparer.Tests.csproj", "{A3B50C6C-3466-4622-977E-B9B754B607A2}"
EndProject
Global
	GlobalSection(SolutionConfigurationPlatforms) = preSolution
		Debug|Any CPU = Debug|Any CPU
		Release|Any CPU = Release|Any CPU
	EndGlobalSection
	GlobalSection(ProjectConfigurationPlatforms) = postSolution
		{A13DC0C5-A414-45DD-B5E5-C0B515A63B40}.Debug|Any CPU.ActiveCfg = Debug|Any CPU
		{A13DC0C5-A414-45DD-B5E5-C0B515A63B40}.Debug|Any CPU.Build.0 = Debug|Any CPU
		{A13DC0C5-A414-45DD-B5E5-C0B515A63B40}.Release|Any CPU.ActiveCfg = Release|Any CPU
		{A13DC0C5-A414-45DD-B5E5-C0B515A63B40}.Release|Any CPU.Build.0 = Release|Any CPU
		{A3B50C6C-3466-4622-977E-B9B754B607A2}.Debug|Any CPU.ActiveCfg = Debug|Any CPU
		{A3B50C6C-3466-4622-977E-B9B754B607A2}.Debug|Any CPU.Build.0 = Debug|Any CPU
		{A3B50C6C-3466-4622-977E-B9B754B607A2}.Release|Any CPU.ActiveCfg = Release|Any CPU
		{A3B50C6C-3466-4622-977E-B9B754B607A2}.Release|Any CPU.Build.0 = Release|Any CPU
	EndGlobalSection
	GlobalSection(SolutionProperties) = preSolution
		HideSolutionNode = FALSE
	EndGlobalSection
	GlobalSection(ExtensibilityGlobals) = postSolution
		SolutionGuid = {D12635E5-F124-493F-9FFE-B8655847094B}
	EndGlobalSection
EndGlobal
